
Microsoft Visual Studio Solution File, Format Version 12.00
# Visual Studio Version 16
VisualStudioVersion = 16.0.29905.134
MinimumVisualStudioVersion = 10.0.40219.1
Project("{FAE04EC0-301F-11D3-BF4B-00C04F79EFBC}") = "FileUpload", "FileUpload.csproj", "{12AC3F38-F0FA-4A7E-9041-10A60AE54076}"
EndProject
Global
	GlobalSection(SolutionConfigurationPlatforms) = preSolution
		Debug|Any CPU = Debug|Any CPU
		Release|Any CPU = Release|Any CPU
	EndGlobalSection
	GlobalSection(ProjectConfigurationPlatforms) = postSolution
		{12AC3F38-F0FA-4A7E-9041-10A60AE54076}.Debug|Any CPU.ActiveCfg = Debug|Any CPU
		{12AC3F38-F0FA-4A7E-9041-10A60AE54076}.Debug|Any CPU.Build.0 = Debug|Any CPU
		{12AC3F38-F0FA-4A7E-9041-10A60AE54076}.Release|Any CPU.ActiveCfg = Release|Any CPU
		{12AC3F38-F0FA-4A7E-9041-10A60AE54076}.Release|Any CPU.Build.0 = Release|Any CPU
	EndGlobalSection
	GlobalSection(SolutionProperties) = preSolution
		HideSolutionNode = FALSE
	EndGlobalSection
	GlobalSection(ExtensibilityGlobals) = postSolution
		SolutionGuid = {8C8A3736-3619-4090-B0F2-61FC17DB7021}
	EndGlobalSection
EndGlobal
